# THIS IS AN AUTOGENERATED FILE. DO NOT EDIT THIS FILE DIRECTLY.
# yarn lockfile v1


"@clickhouse/client-common@1.12.1":
  version "1.12.1"
  resolved "https://registry.yarnpkg.com/@clickhouse/client-common/-/client-common-1.12.1.tgz#e6900d98316076c4e99f91a95c433dd714c77516"
  integrity sha512-ccw1N6hB4+MyaAHIaWBwGZ6O2GgMlO99FlMj0B0UEGfjxM9v5dYVYql6FpP19rMwrVAroYs/IgX2vyZEBvzQLg==

"@clickhouse/client@^1.12.1":
  version "1.12.1"
  resolved "https://registry.yarnpkg.com/@clickhouse/client/-/client-1.12.1.tgz#6379542c5bfdc227477853945ce6ba7916653eae"
  integrity sha512-7ORY85rphRazqHzImNXMrh4vsaPrpetFoTWpZYueCO2bbO6PXYDXp/GQ4DgxnGIqbWB/Di1Ai+Xuwq2o7DJ36A==
  dependencies:
    "@clickhouse/client-common" "1.12.1"

"@types/bun@latest":
  version "1.2.20"
  resolved "https://registry.yarnpkg.com/@types/bun/-/bun-1.2.20.tgz#2b7339f063a5a27a4ef10fd7d0f21095b578eee5"
  integrity sha512-dX3RGzQ8+KgmMw7CsW4xT5ITBSCrSbfHc36SNT31EOUg/LA9JWq0VDdEXDRSe1InVWpd2yLUM1FUF/kEOyTzYA==
  dependencies:
    bun-types "1.2.20"

"@types/node@*":
  version "24.3.0"
  resolved "https://registry.yarnpkg.com/@types/node/-/node-24.3.0.tgz#89b09f45cb9a8ee69466f18ee5864e4c3eb84dec"
  integrity sha512-aPTXCrfwnDLj4VvXrm+UUCQjNEvJgNA8s5F1cvwQU+3KNltTOkBm1j30uNLyqqPNe7gE3KFzImYoZEfLhp4Yow==
  dependencies:
    undici-types "~7.10.0"

bun-types@1.2.20:
  version "1.2.20"
  resolved "https://registry.yarnpkg.com/bun-types/-/bun-types-1.2.20.tgz#7ff3a05b2183fbe33d51c76ac99ae83aaf882988"
  integrity sha512-pxTnQYOrKvdOwyiyd/7sMt9yFOenN004Y6O4lCcCUoKVej48FS5cvTw9geRaEcB9TsDZaJKAxPTVvi8tFsVuXA==
  dependencies:
    "@types/node" "*"

undici-types@~7.10.0:
  version "7.10.0"
  resolved "https://registry.yarnpkg.com/undici-types/-/undici-types-7.10.0.tgz#4ac2e058ce56b462b056e629cc6a02393d3ff350"
  integrity sha512-t5Fy/nfn+14LuOc2KNYg75vZqClpAiqscVvMygNnlsHBFpSXdJaYtXMcdNLpl/Qvc3P2cB3s6lOV51nqsFq4ag==
